
Microsoft Visual Studio Solution File, Format Version 12.00
# Visual Studio 14
VisualStudioVersion = 14.0.25420.1
MinimumVisualStudioVersion = 10.0.40219.1
Project("{FAE04EC0-301F-11D3-BF4B-00C04F79EFBC}") = "DistributedPartlyCloudDatabase.Web", "DistributedPartlyCloudDatabase.Web\DistributedPartlyCloudDatabase.Web.csproj", "{97801A7D-5092-497D-9E97-53A8586ABD89}"
EndProject
Project("{FAE04EC0-301F-11D3-BF4B-00C04F79EFBC}") = "DistributedPartlyCloudDatabase.BLL", "DistributedPartlyCloudDatabase.BLL\DistributedPartlyCloudDatabase.BLL.csproj", "{1F6C425D-C531-46CF-9DA7-E2F855BEE7D7}"
EndProject
Project("{FAE04EC0-301F-11D3-BF4B-00C04F79EFBC}") = "DistributedPartlyCloudDatabase.BLL.Interface", "DistributedPartlyCloudDatabase.BLL.Interface\DistributedPartlyCloudDatabase.BLL.Interface.csproj", "{82B17282-9A8C-42B1-8B13-14086AEA3454}"
EndProject
Project("{FAE04EC0-301F-11D3-BF4B-00C04F79EFBC}") = "DistributedPartlyCloudDatabase.DAL", "DistributedPartlyCloudDatabase.DAL\DistributedPartlyCloudDatabase.DAL.csproj", "{71D72DC6-E426-4CA9-B024-525841315C3F}"
EndProject
Project("{FAE04EC0-301F-11D3-BF4B-00C04F79EFBC}") = "DistributedPartlyCloudDatabase.DAL.Interface", "DistributedPartlyCloudDatabase.DAL.Interface\DistributedPartlyCloudDatabase.DAL.Interface.csproj", "{D2B7B307-AD00-4775-BCA8-60F7FB37B59D}"
EndProject
Project("{FAE04EC0-301F-11D3-BF4B-00C04F79EFBC}") = "DistributedPartlyCloudDatabase.ORM", "DistributedPartlyCloudDatabase.ORM\DistributedPartlyCloudDatabase.ORM.csproj", "{BCCAE999-BC2C-4C49-9C65-5DA939AF5131}"
EndProject
Global
	GlobalSection(SolutionConfigurationPlatforms) = preSolution
		Debug|Any CPU = Debug|Any CPU
		Release|Any CPU = Release|Any CPU
	EndGlobalSection
	GlobalSection(ProjectConfigurationPlatforms) = postSolution
		{97801A7D-5092-497D-9E97-53A8586ABD89}.Debug|Any CPU.ActiveCfg = Debug|Any CPU
		{97801A7D-5092-497D-9E97-53A8586ABD89}.Debug|Any CPU.Build.0 = Debug|Any CPU
		{97801A7D-5092-497D-9E97-53A8586ABD89}.Release|Any CPU.ActiveCfg = Release|Any CPU
		{97801A7D-5092-497D-9E97-53A8586ABD89}.Release|Any CPU.Build.0 = Release|Any CPU
		{1F6C425D-C531-46CF-9DA7-E2F855BEE7D7}.Debug|Any CPU.ActiveCfg = Debug|Any CPU
		{1F6C425D-C531-46CF-9DA7-E2F855BEE7D7}.Debug|Any CPU.Build.0 = Debug|Any CPU
		{1F6C425D-C531-46CF-9DA7-E2F855BEE7D7}.Release|Any CPU.ActiveCfg = Release|Any CPU
		{1F6C425D-C531-46CF-9DA7-E2F855BEE7D7}.Release|Any CPU.Build.0 = Release|Any CPU
		{82B17282-9A8C-42B1-8B13-14086AEA3454}.Debug|Any CPU.ActiveCfg = Debug|Any CPU
		{82B17282-9A8C-42B1-8B13-14086AEA3454}.Debug|Any CPU.Build.0 = Debug|Any CPU
		{82B17282-9A8C-42B1-8B13-14086AEA3454}.Release|Any CPU.ActiveCfg = Release|Any CPU
		{82B17282-9A8C-42B1-8B13-14086AEA3454}.Release|Any CPU.Build.0 = Release|Any CPU
		{71D72DC6-E426-4CA9-B024-525841315C3F}.Debug|Any CPU.ActiveCfg = Debug|Any CPU
		{71D72DC6-E426-4CA9-B024-525841315C3F}.Debug|Any CPU.Build.0 = Debug|Any CPU
		{71D72DC6-E426-4CA9-B024-525841315C3F}.Release|Any CPU.ActiveCfg = Release|Any CPU
		{71D72DC6-E426-4CA9-B024-525841315C3F}.Release|Any CPU.Build.0 = Release|Any CPU
		{D2B7B307-AD00-4775-BCA8-60F7FB37B59D}.Debug|Any CPU.ActiveCfg = Debug|Any CPU
		{D2B7B307-AD00-4775-BCA8-60F7FB37B59D}.Debug|Any CPU.Build.0 = Debug|Any CPU
		{D2B7B307-AD00-4775-BCA8-60F7FB37B59D}.Release|Any CPU.ActiveCfg = Release|Any CPU
		{D2B7B307-AD00-4775-BCA8-60F7FB37B59D}.Release|Any CPU.Build.0 = Release|Any CPU
		{BCCAE999-BC2C-4C49-9C65-5DA939AF5131}.Debug|Any CPU.ActiveCfg = Debug|Any CPU
		{BCCAE999-BC2C-4C49-9C65-5DA939AF5131}.Debug|Any CPU.Build.0 = Debug|Any CPU
		{BCCAE999-BC2C-4C49-9C65-5DA939AF5131}.Release|Any CPU.ActiveCfg = Release|Any CPU
		{BCCAE999-BC2C-4C49-9C65-5DA939AF5131}.Release|Any CPU.Build.0 = Release|Any CPU
	EndGlobalSection
	GlobalSection(SolutionProperties) = preSolution
		HideSolutionNode = FALSE
	EndGlobalSection
EndGlobal
